
Microsoft Visual Studio Solution File, Format Version 12.00
# Visual Studio Version 17
VisualStudioVersion = 17.14.36401.2
MinimumVisualStudioVersion = 10.0.40219.1
Project("{FAE04EC0-301F-11D3-BF4B-00C04F79EFBC}") = "Blog.Web", "Blog.Web\Blog.Web.csproj", "{8C057E1E-DB53-4B7B-8CA8-9859956DBC7A}"
EndProject
Global
	GlobalSection(SolutionConfigurationPlatforms) = preSolution
		Debug|Any CPU = Debug|Any CPU
		Release|Any CPU = Release|Any CPU
	EndGlobalSection
	GlobalSection(ProjectConfigurationPlatforms) = postSolution
		{8C057E1E-DB53-4B7B-8CA8-9859956DBC7A}.Debug|Any CPU.ActiveCfg = Debug|Any CPU
		{8C057E1E-DB53-4B7B-8CA8-9859956DBC7A}.Debug|Any CPU.Build.0 = Debug|Any CPU
		{8C057E1E-DB53-4B7B-8CA8-9859956DBC7A}.Release|Any CPU.ActiveCfg = Release|Any CPU
		{8C057E1E-DB53-4B7B-8CA8-9859956DBC7A}.Release|Any CPU.Build.0 = Release|Any CPU
	EndGlobalSection
	GlobalSection(SolutionProperties) = preSolution
		HideSolutionNode = FALSE
	EndGlobalSection
	GlobalSection(ExtensibilityGlobals) = postSolution
		SolutionGuid = {B8BCA0BD-0175-4359-9FC1-740490DD516E}
	EndGlobalSection
EndGlobal
